
Microsoft Visual Studio Solution File, Format Version 12.00
# Visual Studio Version 16
VisualStudioVersion = 16.0.34601.136
MinimumVisualStudioVersion = 10.0.40219.1
Project("{FAE04EC0-301F-11D3-BF4B-00C04F79EFBC}") = "TP LR 3 STAT", "TP LR 3 STAT\TP LR 3 STAT.csproj", "{1B2B8E40-0D89-4446-8B1D-0D7FD9265415}"
EndProject
Global
	GlobalSection(SolutionConfigurationPlatforms) = preSolution
		Debug|Any CPU = Debug|Any CPU
		Release|Any CPU = Release|Any CPU
	EndGlobalSection
	GlobalSection(ProjectConfigurationPlatforms) = postSolution
		{1B2B8E40-0D89-4446-8B1D-0D7FD9265415}.Debug|Any CPU.ActiveCfg = Debug|Any CPU
		{1B2B8E40-0D89-4446-8B1D-0D7FD9265415}.Debug|Any CPU.Build.0 = Debug|Any CPU
		{1B2B8E40-0D89-4446-8B1D-0D7FD9265415}.Release|Any CPU.ActiveCfg = Release|Any CPU
		{1B2B8E40-0D89-4446-8B1D-0D7FD9265415}.Release|Any CPU.Build.0 = Release|Any CPU
	EndGlobalSection
	GlobalSection(SolutionProperties) = preSolution
		HideSolutionNode = FALSE
	EndGlobalSection
	GlobalSection(ExtensibilityGlobals) = postSolution
		SolutionGuid = {72E25C3E-BEA9-40D7-BB21-68AC74FA5110}
	EndGlobalSection
EndGlobal
